
Microsoft Visual Studio Solution File, Format Version 12.00
# Visual Studio Version 16
VisualStudioVersion = 16.0.31624.102
MinimumVisualStudioVersion = 10.0.40219.1
Project("{FAE04EC0-301F-11D3-BF4B-00C04F79EFBC}") = "Class and Method assignment", "Class and Method assignment\Class and Method assignment.csproj", "{EA63E0C7-B93E-4227-9A6E-16DDE4098450}"
EndProject
Global
	GlobalSection(SolutionConfigurationPlatforms) = preSolution
		Debug|Any CPU = Debug|Any CPU
		Release|Any CPU = Release|Any CPU
	EndGlobalSection
	GlobalSection(ProjectConfigurationPlatforms) = postSolution
		{EA63E0C7-B93E-4227-9A6E-16DDE4098450}.Debug|Any CPU.ActiveCfg = Debug|Any CPU
		{EA63E0C7-B93E-4227-9A6E-16DDE4098450}.Debug|Any CPU.Build.0 = Debug|Any CPU
		{EA63E0C7-B93E-4227-9A6E-16DDE4098450}.Release|Any CPU.ActiveCfg = Release|Any CPU
		{EA63E0C7-B93E-4227-9A6E-16DDE4098450}.Release|Any CPU.Build.0 = Release|Any CPU
	EndGlobalSection
	GlobalSection(SolutionProperties) = preSolution
		HideSolutionNode = FALSE
	EndGlobalSection
	GlobalSection(ExtensibilityGlobals) = postSolution
		SolutionGuid = {722D512B-7652-4AAB-B0AA-F566ADB5F898}
	EndGlobalSection
EndGlobal
