
Microsoft Visual Studio Solution File, Format Version 12.00
# Visual Studio Version 16
VisualStudioVersion = 16.0.31624.102
MinimumVisualStudioVersion = 10.0.40219.1
Project("{FAE04EC0-301F-11D3-BF4B-00C04F79EFBC}") = "Interface assignemnt", "Interface assignemnt\Interface assignemnt.csproj", "{4823DD05-BFEE-4527-9399-113F2E23FC3E}"
EndProject
Project("{FAE04EC0-301F-11D3-BF4B-00C04F79EFBC}") = "Operator Overload", "Operator Overload\Operator Overload.csproj", "{D0359C64-EFA1-4BFE-BFBF-80AF5A543BAF}"
EndProject
Global
	GlobalSection(SolutionConfigurationPlatforms) = preSolution
		Debug|Any CPU = Debug|Any CPU
		Release|Any CPU = Release|Any CPU
	EndGlobalSection
	GlobalSection(ProjectConfigurationPlatforms) = postSolution
		{4823DD05-BFEE-4527-9399-113F2E23FC3E}.Debug|Any CPU.ActiveCfg = Debug|Any CPU
		{4823DD05-BFEE-4527-9399-113F2E23FC3E}.Debug|Any CPU.Build.0 = Debug|Any CPU
		{4823DD05-BFEE-4527-9399-113F2E23FC3E}.Release|Any CPU.ActiveCfg = Release|Any CPU
		{4823DD05-BFEE-4527-9399-113F2E23FC3E}.Release|Any CPU.Build.0 = Release|Any CPU
		{D0359C64-EFA1-4BFE-BFBF-80AF5A543BAF}.Debug|Any CPU.ActiveCfg = Debug|Any CPU
		{D0359C64-EFA1-4BFE-BFBF-80AF5A543BAF}.Debug|Any CPU.Build.0 = Debug|Any CPU
		{D0359C64-EFA1-4BFE-BFBF-80AF5A543BAF}.Release|Any CPU.ActiveCfg = Release|Any CPU
		{D0359C64-EFA1-4BFE-BFBF-80AF5A543BAF}.Release|Any CPU.Build.0 = Release|Any CPU
	EndGlobalSection
	GlobalSection(SolutionProperties) = preSolution
		HideSolutionNode = FALSE
	EndGlobalSection
	GlobalSection(ExtensibilityGlobals) = postSolution
		SolutionGuid = {8DE97FD3-488F-41B5-A4B4-233A97708B7E}
	EndGlobalSection
EndGlobal
