
Microsoft Visual Studio Solution File, Format Version 12.00
# Visual Studio Version 16
VisualStudioVersion = 16.0.31624.102
MinimumVisualStudioVersion = 10.0.40219.1
Project("{FAE04EC0-301F-11D3-BF4B-00C04F79EFBC}") = "RealTimeServerClock", "RealTimeServerClock\RealTimeServerClock.csproj", "{10D69EE5-8E61-40C5-A5DA-7E7D75257EE2}"
EndProject
Global
	GlobalSection(SolutionConfigurationPlatforms) = preSolution
		Debug|Any CPU = Debug|Any CPU
		Release|Any CPU = Release|Any CPU
	EndGlobalSection
	GlobalSection(ProjectConfigurationPlatforms) = postSolution
		{10D69EE5-8E61-40C5-A5DA-7E7D75257EE2}.Debug|Any CPU.ActiveCfg = Debug|Any CPU
		{10D69EE5-8E61-40C5-A5DA-7E7D75257EE2}.Debug|Any CPU.Build.0 = Debug|Any CPU
		{10D69EE5-8E61-40C5-A5DA-7E7D75257EE2}.Release|Any CPU.ActiveCfg = Release|Any CPU
		{10D69EE5-8E61-40C5-A5DA-7E7D75257EE2}.Release|Any CPU.Build.0 = Release|Any CPU
	EndGlobalSection
	GlobalSection(SolutionProperties) = preSolution
		HideSolutionNode = FALSE
	EndGlobalSection
	GlobalSection(ExtensibilityGlobals) = postSolution
		SolutionGuid = {78145388-8DEB-468B-AB94-0A168AB3B000}
	EndGlobalSection
EndGlobal
