
Microsoft Visual Studio Solution File, Format Version 12.00
# Visual Studio Version 16
VisualStudioVersion = 16.0.31624.102
MinimumVisualStudioVersion = 10.0.40219.1
Project("{FAE04EC0-301F-11D3-BF4B-00C04F79EFBC}") = "Care Insurance Form", "Care Insurance Form\Care Insurance Form.csproj", "{0A5B9A7B-484B-426E-B799-01241FC17F6D}"
EndProject
Global
	GlobalSection(SolutionConfigurationPlatforms) = preSolution
		Debug|Any CPU = Debug|Any CPU
		Release|Any CPU = Release|Any CPU
	EndGlobalSection
	GlobalSection(ProjectConfigurationPlatforms) = postSolution
		{0A5B9A7B-484B-426E-B799-01241FC17F6D}.Debug|Any CPU.ActiveCfg = Debug|Any CPU
		{0A5B9A7B-484B-426E-B799-01241FC17F6D}.Debug|Any CPU.Build.0 = Debug|Any CPU
		{0A5B9A7B-484B-426E-B799-01241FC17F6D}.Release|Any CPU.ActiveCfg = Release|Any CPU
		{0A5B9A7B-484B-426E-B799-01241FC17F6D}.Release|Any CPU.Build.0 = Release|Any CPU
	EndGlobalSection
	GlobalSection(SolutionProperties) = preSolution
		HideSolutionNode = FALSE
	EndGlobalSection
	GlobalSection(ExtensibilityGlobals) = postSolution
		SolutionGuid = {26E0A520-EF5E-4C64-B634-C2C224DC27A5}
	EndGlobalSection
EndGlobal
